
Microsoft Visual Studio Solution File, Format Version 12.00
# Visual Studio Version 16
VisualStudioVersion = 16.0.29230.47
MinimumVisualStudioVersion = 10.0.40219.1
Project("{FAE04EC0-301F-11D3-BF4B-00C04F79EFBC}") = "CopyTextOfSelectedAnnotationAddon", "CopyTextOfSelectedAnnotationAddon\CopyTextOfSelectedAnnotation.csproj", "{946ACAB0-23BA-4D8E-9AD3-FA1C01754525}"
EndProject
Global
	GlobalSection(SolutionConfigurationPlatforms) = preSolution
		Debug|Any CPU = Debug|Any CPU
		Release|Any CPU = Release|Any CPU
	EndGlobalSection
	GlobalSection(ProjectConfigurationPlatforms) = postSolution
		{946ACAB0-23BA-4D8E-9AD3-FA1C01754525}.Debug|Any CPU.ActiveCfg = Debug|Any CPU
		{946ACAB0-23BA-4D8E-9AD3-FA1C01754525}.Debug|Any CPU.Build.0 = Debug|Any CPU
		{946ACAB0-23BA-4D8E-9AD3-FA1C01754525}.Release|Any CPU.ActiveCfg = Release|Any CPU
		{946ACAB0-23BA-4D8E-9AD3-FA1C01754525}.Release|Any CPU.Build.0 = Release|Any CPU
	EndGlobalSection
	GlobalSection(SolutionProperties) = preSolution
		HideSolutionNode = FALSE
	EndGlobalSection
	GlobalSection(ExtensibilityGlobals) = postSolution
		SolutionGuid = {C1771436-1C71-435B-A951-16A7B1B168CD}
	EndGlobalSection
EndGlobal
